
Microsoft Visual Studio Solution File, Format Version 12.00
# Visual Studio Version 17
VisualStudioVersion = 17.7.34031.279
MinimumVisualStudioVersion = 10.0.40219.1
Project("{888888A0-9F3D-457C-B088-3A5042F75D52}") = "PythonProgram", "PythonProgram.pyproj", "{4FE2CF18-1130-4B5F-B47C-039614C4145C}"
EndProject
Global
	GlobalSection(SolutionConfigurationPlatforms) = preSolution
		Debug|Any CPU = Debug|Any CPU
		Release|Any CPU = Release|Any CPU
	EndGlobalSection
	GlobalSection(ProjectConfigurationPlatforms) = postSolution
		{4FE2CF18-1130-4B5F-B47C-039614C4145C}.Debug|Any CPU.ActiveCfg = Debug|Any CPU
		{4FE2CF18-1130-4B5F-B47C-039614C4145C}.Release|Any CPU.ActiveCfg = Release|Any CPU
	EndGlobalSection
	GlobalSection(SolutionProperties) = preSolution
		HideSolutionNode = FALSE
	EndGlobalSection
	GlobalSection(ExtensibilityGlobals) = postSolution
		SolutionGuid = {8BC7C045-AF94-4599-B314-BEE7C90E2AAA}
	EndGlobalSection
EndGlobal
